PODS:
  - YLHCustomerServiceSDK (1.3.13)

DEPENDENCIES:
  - YLHCustomerServiceSDK (~> 1.3.13)

SPEC REPOS:
  trunk:
    - YLHCustomerServiceSDK

SPEC CHECKSUMS:
  YLHCustomerServiceSDK: 7169b35442cf632c9dc6a5b7dff5ab16f1f96a21

PODFILE CHECKSUM: 6f42616d5689864acf41d5c2fc882743afe5ad83

COCOAPODS: 1.9.3
