PODS:
  - YLHCustomerServiceSDK (1.3.8)

DEPENDENCIES:
  - YLHCustomerServiceSDK (~> 1.3.8)

SPEC REPOS:
  trunk:
    - YLHCustomerServiceSDK

SPEC CHECKSUMS:
  YLHCustomerServiceSDK: 9d3410d802903334dc687ab06d5ac76615757640

PODFILE CHECKSUM: d11f8b7f5d53089ea116174085801108cdb60f91

COCOAPODS: 1.9.3
